
Microsoft Visual Studio Solution File, Format Version 12.00
# Visual Studio Version 17
VisualStudioVersion = 17.2.32630.192
MinimumVisualStudioVersion = 10.0.40219.1
Project("{FAE04EC0-301F-11D3-BF4B-00C04F79EFBC}") = "ares_logger", "ares_logger.csproj", "{986164B1-A473-496D-B5AA-4BB274E5634D}"
EndProject
Project("{8BC9CEB8-8B4A-11D0-8D11-00A0C91BC942}") = "clr_loader", "..\clr_loader\clr_loader.vcxproj", "{CC14121F-F8CD-4D34-8DF7-1A46B72FC840}"
EndProject
Project("{8BC9CEB8-8B4A-11D0-8D11-00A0C91BC942}") = "face_injector_v2", "..\face_injector_v2\face_injector_v2.vcxproj", "{A0EDD2AC-09C4-46E4-88D7-9B369952317C}"
EndProject
Global
	GlobalSection(SolutionConfigurationPlatforms) = preSolution
		Debug|Any CPU = Debug|Any CPU
		Debug|x64 = Debug|x64
		Debug|x86 = Debug|x86
		Release|Any CPU = Release|Any CPU
		Release|x64 = Release|x64
		Release|x86 = Release|x86
	EndGlobalSection
	GlobalSection(ProjectConfigurationPlatforms) = postSolution
		{986164B1-A473-496D-B5AA-4BB274E5634D}.Debug|Any CPU.ActiveCfg = Debug|Any CPU
		{986164B1-A473-496D-B5AA-4BB274E5634D}.Debug|Any CPU.Build.0 = Debug|Any CPU
		{986164B1-A473-496D-B5AA-4BB274E5634D}.Debug|x64.ActiveCfg = Debug|Any CPU
		{986164B1-A473-496D-B5AA-4BB274E5634D}.Debug|x64.Build.0 = Debug|Any CPU
		{986164B1-A473-496D-B5AA-4BB274E5634D}.Debug|x86.ActiveCfg = Debug|Any CPU
		{986164B1-A473-496D-B5AA-4BB274E5634D}.Debug|x86.Build.0 = Debug|Any CPU
		{986164B1-A473-496D-B5AA-4BB274E5634D}.Release|Any CPU.ActiveCfg = Release|Any CPU
		{986164B1-A473-496D-B5AA-4BB274E5634D}.Release|Any CPU.Build.0 = Release|Any CPU
		{986164B1-A473-496D-B5AA-4BB274E5634D}.Release|x64.ActiveCfg = Release|Any CPU
		{986164B1-A473-496D-B5AA-4BB274E5634D}.Release|x64.Build.0 = Release|Any CPU
		{986164B1-A473-496D-B5AA-4BB274E5634D}.Release|x86.ActiveCfg = Release|Any CPU
		{986164B1-A473-496D-B5AA-4BB274E5634D}.Release|x86.Build.0 = Release|Any CPU
		{CC14121F-F8CD-4D34-8DF7-1A46B72FC840}.Debug|Any CPU.ActiveCfg = Debug|x64
		{CC14121F-F8CD-4D34-8DF7-1A46B72FC840}.Debug|Any CPU.Build.0 = Debug|x64
		{CC14121F-F8CD-4D34-8DF7-1A46B72FC840}.Debug|x64.ActiveCfg = Debug|x64
		{CC14121F-F8CD-4D34-8DF7-1A46B72FC840}.Debug|x64.Build.0 = Debug|x64
		{CC14121F-F8CD-4D34-8DF7-1A46B72FC840}.Debug|x86.ActiveCfg = Debug|Win32
		{CC14121F-F8CD-4D34-8DF7-1A46B72FC840}.Debug|x86.Build.0 = Debug|Win32
		{CC14121F-F8CD-4D34-8DF7-1A46B72FC840}.Release|Any CPU.ActiveCfg = Release|x64
		{CC14121F-F8CD-4D34-8DF7-1A46B72FC840}.Release|Any CPU.Build.0 = Release|x64
		{CC14121F-F8CD-4D34-8DF7-1A46B72FC840}.Release|x64.ActiveCfg = Release|x64
		{CC14121F-F8CD-4D34-8DF7-1A46B72FC840}.Release|x64.Build.0 = Release|x64
		{CC14121F-F8CD-4D34-8DF7-1A46B72FC840}.Release|x86.ActiveCfg = Release|Win32
		{CC14121F-F8CD-4D34-8DF7-1A46B72FC840}.Release|x86.Build.0 = Release|Win32
		{A0EDD2AC-09C4-46E4-88D7-9B369952317C}.Debug|Any CPU.ActiveCfg = Debug|x64
		{A0EDD2AC-09C4-46E4-88D7-9B369952317C}.Debug|Any CPU.Build.0 = Debug|x64
		{A0EDD2AC-09C4-46E4-88D7-9B369952317C}.Debug|x64.ActiveCfg = Debug|x64
		{A0EDD2AC-09C4-46E4-88D7-9B369952317C}.Debug|x64.Build.0 = Debug|x64
		{A0EDD2AC-09C4-46E4-88D7-9B369952317C}.Debug|x86.ActiveCfg = Debug|Win32
		{A0EDD2AC-09C4-46E4-88D7-9B369952317C}.Debug|x86.Build.0 = Debug|Win32
		{A0EDD2AC-09C4-46E4-88D7-9B369952317C}.Release|Any CPU.ActiveCfg = Release|x64
		{A0EDD2AC-09C4-46E4-88D7-9B369952317C}.Release|Any CPU.Build.0 = Release|x64
		{A0EDD2AC-09C4-46E4-88D7-9B369952317C}.Release|x64.ActiveCfg = Release|x64
		{A0EDD2AC-09C4-46E4-88D7-9B369952317C}.Release|x64.Build.0 = Release|x64
		{A0EDD2AC-09C4-46E4-88D7-9B369952317C}.Release|x86.ActiveCfg = Release|Win32
		{A0EDD2AC-09C4-46E4-88D7-9B369952317C}.Release|x86.Build.0 = Release|Win32
	EndGlobalSection
	GlobalSection(SolutionProperties) = preSolution
		HideSolutionNode = FALSE
	EndGlobalSection
	GlobalSection(ExtensibilityGlobals) = postSolution
		SolutionGuid = {A16E32B2-3119-4399-A985-4498B177321A}
	EndGlobalSection
EndGlobal
